
Microsoft Visual Studio Solution File, Format Version 11.00
# Visual Studio 2010
Project("{FAE04EC0-301F-11D3-BF4B-00C04F79EFBC}") = "Assembly-CSharp", "Assembly-CSharp.csproj", "{2989118A-2124-7A8B-D92A-6E7057BB7BDA}"
EndProject
Project("{FAE04EC0-301F-11D3-BF4B-00C04F79EFBC}") = "Assembly-CSharp-Editor", "Assembly-CSharp-Editor.csproj", "{01AD66DE-2B18-9B94-9194-6EFB15E9E597}"
EndProject
Global
	GlobalSection(SolutionConfigurationPlatforms) = preSolution
		Debug|Any CPU = Debug|Any CPU
		Release|Any CPU = Release|Any CPU
	EndGlobalSection
	GlobalSection(ProjectConfigurationPlatforms) = postSolution
		{2989118A-2124-7A8B-D92A-6E7057BB7BDA}.Debug|Any CPU.ActiveCfg = Debug|Any CPU
		{2989118A-2124-7A8B-D92A-6E7057BB7BDA}.Debug|Any CPU.Build.0 = Debug|Any CPU
		{2989118A-2124-7A8B-D92A-6E7057BB7BDA}.Release|Any CPU.ActiveCfg = Release|Any CPU
		{2989118A-2124-7A8B-D92A-6E7057BB7BDA}.Release|Any CPU.Build.0 = Release|Any CPU
		{01AD66DE-2B18-9B94-9194-6EFB15E9E597}.Debug|Any CPU.ActiveCfg = Debug|Any CPU
		{01AD66DE-2B18-9B94-9194-6EFB15E9E597}.Debug|Any CPU.Build.0 = Debug|Any CPU
		{01AD66DE-2B18-9B94-9194-6EFB15E9E597}.Release|Any CPU.ActiveCfg = Release|Any CPU
		{01AD66DE-2B18-9B94-9194-6EFB15E9E597}.Release|Any CPU.Build.0 = Release|Any CPU
	EndGlobalSection
	GlobalSection(SolutionProperties) = preSolution
		HideSolutionNode = FALSE
	EndGlobalSection
	GlobalSection(MonoDevelopProperties) = preSolution
		StartupItem = Assembly-CSharp.csproj
	EndGlobalSection
EndGlobal
